
Microsoft Visual Studio Solution File, Format Version 12.00
# Visual Studio 15
VisualStudioVersion = 15.0.27130.2027
MinimumVisualStudioVersion = 10.0.40219.1
Project("{FAE04EC0-301F-11D3-BF4B-00C04F79EFBC}") = "BachelorBackEnd", "StudyManagementSystem\BachelorBackEnd.csproj", "{0EA35CD3-FB89-4436-A2A0-2CA4AEFAD68A}"
EndProject
Project("{9A19103F-16F7-4668-BE54-9A1E7A4F7556}") = "FrontEndBA", "FrontEndBA\FrontEndBA.csproj", "{1A8CF722-182C-46A4-BD2F-CE9D0383E8EC}"
EndProject
Project("{9A19103F-16F7-4668-BE54-9A1E7A4F7556}") = "JwtAuthenticationHelper", "JwtAuthenticationHelper\JwtAuthenticationHelper.csproj", "{4EEBA71E-9106-465F-9123-2E403F8A177E}"
EndProject
Global
	GlobalSection(SolutionConfigurationPlatforms) = preSolution
		Debug|Any CPU = Debug|Any CPU
		Release|Any CPU = Release|Any CPU
	EndGlobalSection
	GlobalSection(ProjectConfigurationPlatforms) = postSolution
		{0EA35CD3-FB89-4436-A2A0-2CA4AEFAD68A}.Debug|Any CPU.ActiveCfg = Debug|Any CPU
		{0EA35CD3-FB89-4436-A2A0-2CA4AEFAD68A}.Debug|Any CPU.Build.0 = Debug|Any CPU
		{0EA35CD3-FB89-4436-A2A0-2CA4AEFAD68A}.Release|Any CPU.ActiveCfg = Release|Any CPU
		{0EA35CD3-FB89-4436-A2A0-2CA4AEFAD68A}.Release|Any CPU.Build.0 = Release|Any CPU
		{1A8CF722-182C-46A4-BD2F-CE9D0383E8EC}.Debug|Any CPU.ActiveCfg = Debug|Any CPU
		{1A8CF722-182C-46A4-BD2F-CE9D0383E8EC}.Debug|Any CPU.Build.0 = Debug|Any CPU
		{1A8CF722-182C-46A4-BD2F-CE9D0383E8EC}.Release|Any CPU.ActiveCfg = Release|Any CPU
		{1A8CF722-182C-46A4-BD2F-CE9D0383E8EC}.Release|Any CPU.Build.0 = Release|Any CPU
		{4EEBA71E-9106-465F-9123-2E403F8A177E}.Debug|Any CPU.ActiveCfg = Debug|Any CPU
		{4EEBA71E-9106-465F-9123-2E403F8A177E}.Debug|Any CPU.Build.0 = Debug|Any CPU
		{4EEBA71E-9106-465F-9123-2E403F8A177E}.Release|Any CPU.ActiveCfg = Release|Any CPU
		{4EEBA71E-9106-465F-9123-2E403F8A177E}.Release|Any CPU.Build.0 = Release|Any CPU
	EndGlobalSection
	GlobalSection(SolutionProperties) = preSolution
		HideSolutionNode = FALSE
	EndGlobalSection
	GlobalSection(ExtensibilityGlobals) = postSolution
		SolutionGuid = {8A03F84B-71EA-4EC9-8C7C-54C0DE7F3918}
	EndGlobalSection
EndGlobal
